// !$*UTF8*$!
{
	archiveVersion = 1;
	classes = {
	};
	objectVersion = 56;
	objects = {

/* Begin PBXBuildFile section */
		2003FC15297CE03700106714 /* RankBadgeLabel.swift in Sources */ = {isa = PBXBuildFile; fileRef = 2003FC14297CE03700106714 /* RankBadgeLabel.swift */; };
		200597982966B690002AB7EC /* ReviewTableViewCell.swift in Sources */ = {isa = PBXBuildFile; fileRef = 200597972966B690002AB7EC /* ReviewTableViewCell.swift */; };
		2011FA2929B4D3010031A50A /* DailyBoxOfficeDTO.swift in Sources */ = {isa = PBXBuildFile; fileRef = 2011FA2829B4D3010031A50A /* DailyBoxOfficeDTO.swift */; };
		2011FA2D29B4D49C0031A50A /* MovieInfoDTO.swift in Sources */ = {isa = PBXBuildFile; fileRef = 2011FA2C29B4D49C0031A50A /* MovieInfoDTO.swift */; };
		2011FA2F29B4D57F0031A50A /* MoviePosterDTO.swift in Sources */ = {isa = PBXBuildFile; fileRef = 2011FA2E29B4D57F0031A50A /* MoviePosterDTO.swift */; };
		201825AA29664B8F00ADB79A /* MovieSubInfoView.swift in Sources */ = {isa = PBXBuildFile; fileRef = 201825A929664B8F00ADB79A /* MovieSubInfoView.swift */; };
		201825AC29664D8D00ADB79A /* MovieReviewView.swift in Sources */ = {isa = PBXBuildFile; fileRef = 201825AB29664D8D00ADB79A /* MovieReviewView.swift */; };
		201C77C429A618F200CC64CB /* GoogleService-Info.plist in Resources */ = {isa = PBXBuildFile; fileRef = 201C77C329A618F200CC64CB /* GoogleService-Info.plist */; };
		201C827E2966F7F70060054B /* MovieLabel.swift in Sources */ = {isa = PBXBuildFile; fileRef = 201C827D2966F7F70060054B /* MovieLabel.swift */; };
		2032020229630EED00097F31 /* FirebaseAuth in Frameworks */ = {isa = PBXBuildFile; productRef = 2032020129630EED00097F31 /* FirebaseAuth */; };
		2032020429630EED00097F31 /* FirebaseFirestore in Frameworks */ = {isa = PBXBuildFile; productRef = 2032020329630EED00097F31 /* FirebaseFirestore */; };
		2032020629630EED00097F31 /* FirebaseFirestoreSwift in Frameworks */ = {isa = PBXBuildFile; productRef = 2032020529630EED00097F31 /* FirebaseFirestoreSwift */; };
		2032020829630EED00097F31 /* FirebaseStorage in Frameworks */ = {isa = PBXBuildFile; productRef = 2032020729630EED00097F31 /* FirebaseStorage */; };
		203F2A16299F1D7F00500EF4 /* String+Extension.swift in Sources */ = {isa = PBXBuildFile; fileRef = 203F2A15299F1D7F00500EF4 /* String+Extension.swift */; };
		20443791297A7A0900B05D48 /* MovieRequestBuilder.swift in Sources */ = {isa = PBXBuildFile; fileRef = 20443790297A7A0900B05D48 /* MovieRequestBuilder.swift */; };
		20443793297A876A00B05D48 /* MovieRequestDirector.swift in Sources */ = {isa = PBXBuildFile; fileRef = 20443792297A876A00B05D48 /* MovieRequestDirector.swift */; };
		2056825629A59531008FA266 /* RxCocoa in Frameworks */ = {isa = PBXBuildFile; productRef = 2056825529A59531008FA266 /* RxCocoa */; };
		2056825829A59531008FA266 /* RxRelay in Frameworks */ = {isa = PBXBuildFile; productRef = 2056825729A59531008FA266 /* RxRelay */; };
		2056825A29A59531008FA266 /* RxSwift in Frameworks */ = {isa = PBXBuildFile; productRef = 2056825929A59531008FA266 /* RxSwift */; };
		2073EB17296311F100216565 /* FirestoreManager.swift in Sources */ = {isa = PBXBuildFile; fileRef = 2073EB16296311F100216565 /* FirestoreManager.swift */; };
		2073EB1C29631F8C00216565 /* StorageManager.swift in Sources */ = {isa = PBXBuildFile; fileRef = 2073EB1B29631F8C00216565 /* StorageManager.swift */; };
		209E478029AC810E00D8B36D /* BoxOfficeInfo.swift in Sources */ = {isa = PBXBuildFile; fileRef = 209E477F29AC810E00D8B36D /* BoxOfficeInfo.swift */; };
		20B3FC6829B07033009C7C36 /* AgeLimit.swift in Sources */ = {isa = PBXBuildFile; fileRef = 20B3FC6729B07033009C7C36 /* AgeLimit.swift */; };
		20B3FC6A29B07056009C7C36 /* ReviewInfo.swift in Sources */ = {isa = PBXBuildFile; fileRef = 20B3FC6929B07056009C7C36 /* ReviewInfo.swift */; };
		20BB8C192963B40300801668 /* ReviewFirebaseUseCase.swift in Sources */ = {isa = PBXBuildFile; fileRef = 20BB8C182963B40300801668 /* ReviewFirebaseUseCase.swift */; };
		20BB8C1C2963B54400801668 /* Review.swift in Sources */ = {isa = PBXBuildFile; fileRef = 20BB8C1B2963B54400801668 /* Review.swift */; };
		20BB8C202963C2DA00801668 /* FirebaseError.swift in Sources */ = {isa = PBXBuildFile; fileRef = 20BB8C1F2963C2DA00801668 /* FirebaseError.swift */; };
		20C7D43929641DDA00D87350 /* WriteReviewViewController.swift in Sources */ = {isa = PBXBuildFile; fileRef = 20C7D43829641DDA00D87350 /* WriteReviewViewController.swift */; };
		20C7D43C29642F0400D87350 /* StarRatingView.swift in Sources */ = {isa = PBXBuildFile; fileRef = 20C7D43B29642F0400D87350 /* StarRatingView.swift */; };
		20F38AFC2965115000415749 /* StarRatingUISlider.swift in Sources */ = {isa = PBXBuildFile; fileRef = 20F38AFB2965115000415749 /* StarRatingUISlider.swift */; };
		20F38AFF296511A700415749 /* StarImageView.swift in Sources */ = {isa = PBXBuildFile; fileRef = 20F38AFE296511A700415749 /* StarImageView.swift */; };
		20F38B0129654EB800415749 /* ReviewViewModel.swift in Sources */ = {isa = PBXBuildFile; fileRef = 20F38B0029654EB800415749 /* ReviewViewModel.swift */; };
		20F38B0B2965C31400415749 /* MovieDetailViewController.swift in Sources */ = {isa = PBXBuildFile; fileRef = 20F38B0A2965C31400415749 /* MovieDetailViewController.swift */; };
		20F38B0D2965CCAE00415749 /* MovieMainInfoView.swift in Sources */ = {isa = PBXBuildFile; fileRef = 20F38B0C2965CCAE00415749 /* MovieMainInfoView.swift */; };
		20F8D473296816DF00FA77BA /* ReviewListViewController.swift in Sources */ = {isa = PBXBuildFile; fileRef = 20F8D472296816DF00FA77BA /* ReviewListViewController.swift */; };
		20F8D4752968370C00FA77BA /* MovieButton.swift in Sources */ = {isa = PBXBuildFile; fileRef = 20F8D4742968370C00FA77BA /* MovieButton.swift */; };
		20F8D4772968396900FA77BA /* UIViewController+.swift in Sources */ = {isa = PBXBuildFile; fileRef = 20F8D4762968396900FA77BA /* UIViewController+.swift */; };
		635A19E828F9603900197BCC /* AppDelegate.swift in Sources */ = {isa = PBXBuildFile; fileRef = 635A19E728F9603900197BCC /* AppDelegate.swift */; };
		635A19EA28F9603900197BCC /* SceneDelegate.swift in Sources */ = {isa = PBXBuildFile; fileRef = 635A19E928F9603900197BCC /* SceneDelegate.swift */; };
		635A19F128F9603A00197BCC /* Assets.xcassets in Resources */ = {isa = PBXBuildFile; fileRef = 635A19F028F9603A00197BCC /* Assets.xcassets */; };
		635A19F428F9603A00197BCC /* LaunchScreen.storyboard in Resources */ = {isa = PBXBuildFile; fileRef = 635A19F228F9603A00197BCC /* LaunchScreen.storyboard */; };
		AF12A473296595CB008C484B /* CalendarPresentationController.swift in Sources */ = {isa = PBXBuildFile; fileRef = AF12A472296595CB008C484B /* CalendarPresentationController.swift */; };
		AF12A4752965963A008C484B /* CalendarTransitioningDelegate.swift in Sources */ = {isa = PBXBuildFile; fileRef = AF12A4742965963A008C484B /* CalendarTransitioningDelegate.swift */; };
		AF12A47829659722008C484B /* ModeSelectTransitioningDelegate.swift in Sources */ = {isa = PBXBuildFile; fileRef = AF12A47729659722008C484B /* ModeSelectTransitioningDelegate.swift */; };
		AF22D9EC29682F130059075F /* ActorListViewController.swift in Sources */ = {isa = PBXBuildFile; fileRef = AF22D9EB29682F130059075F /* ActorListViewController.swift */; };
		AF22D9EE2968360A0059075F /* ActorListPresentationController.swift in Sources */ = {isa = PBXBuildFile; fileRef = AF22D9ED2968360A0059075F /* ActorListPresentationController.swift */; };
		AF22D9F0296836170059075F /* ActorListTransitioningDelegate.swift in Sources */ = {isa = PBXBuildFile; fileRef = AF22D9EF296836170059075F /* ActorListTransitioningDelegate.swift */; };
		AF3AEB2D29669A6300B82DCB /* GridCell.swift in Sources */ = {isa = PBXBuildFile; fileRef = AF3AEB2C29669A6300B82DCB /* GridCell.swift */; };
		AF3AEB2F2966CB4B00B82DCB /* MovieAPIUseCase.swift in Sources */ = {isa = PBXBuildFile; fileRef = AF3AEB2E2966CB4B00B82DCB /* MovieAPIUseCase.swift */; };
		AF3AEB322966D21800B82DCB /* HomeViewController.swift in Sources */ = {isa = PBXBuildFile; fileRef = AF3AEB312966D21800B82DCB /* HomeViewController.swift */; };
		AF6C3A422962D5C80074574D /* MovieRequest.swift in Sources */ = {isa = PBXBuildFile; fileRef = AF6C3A412962D5C80074574D /* MovieRequest.swift */; };
		AF6C3A442962D5E00074574D /* APIError.swift in Sources */ = {isa = PBXBuildFile; fileRef = AF6C3A432962D5E00074574D /* APIError.swift */; };
		AF6C3A462962D5E70074574D /* API.swift in Sources */ = {isa = PBXBuildFile; fileRef = AF6C3A452962D5E70074574D /* API.swift */; };
		AF6C3A482962D6090074574D /* APIService.swift in Sources */ = {isa = PBXBuildFile; fileRef = AF6C3A472962D6090074574D /* APIService.swift */; };
		AF6C3A4B2962D7210074574D /* DailyBoxOfficeAPI.swift in Sources */ = {isa = PBXBuildFile; fileRef = AF6C3A4A2962D7210074574D /* DailyBoxOfficeAPI.swift */; };
		AF6C3A4D2962D74E0074574D /* WeeklyBoxOfficeAPI.swift in Sources */ = {isa = PBXBuildFile; fileRef = AF6C3A4C2962D74E0074574D /* WeeklyBoxOfficeAPI.swift */; };
		AF6C3A4F2962D79D0074574D /* MovieInfoAPI.swift in Sources */ = {isa = PBXBuildFile; fileRef = AF6C3A4E2962D79D0074574D /* MovieInfoAPI.swift */; };
		AF6C3A512962D7E20074574D /* MoviePosterAPI.swift in Sources */ = {isa = PBXBuildFile; fileRef = AF6C3A502962D7E20074574D /* MoviePosterAPI.swift */; };
		AF6C3A532962E4490074574D /* MovieInfo.plist in Resources */ = {isa = PBXBuildFile; fileRef = AF6C3A522962E4490074574D /* MovieInfo.plist */; };
		AF6C3A552962EA0B0074574D /* Bundle+Extension.swift in Sources */ = {isa = PBXBuildFile; fileRef = AF6C3A542962EA0B0074574D /* Bundle+Extension.swift */; };
		AF6C3A572962EBDE0074574D /* Dictionary+Extension.swift in Sources */ = {isa = PBXBuildFile; fileRef = AF6C3A562962EBDE0074574D /* Dictionary+Extension.swift */; };
		AF6C3A5C2962F4FF0074574D /* MovieData.swift in Sources */ = {isa = PBXBuildFile; fileRef = AF6C3A5B2962F4FF0074574D /* MovieData.swift */; };
		AF85E0A92965156A00A22732 /* ModeSelectPresentationController.swift in Sources */ = {isa = PBXBuildFile; fileRef = AF85E0A82965156A00A22732 /* ModeSelectPresentationController.swift */; };
		AF85E0AB29651C0000A22732 /* ModeSelectCell.swift in Sources */ = {isa = PBXBuildFile; fileRef = AF85E0AA29651C0000A22732 /* ModeSelectCell.swift */; };
		AF85E0AD29653D7400A22732 /* HomeViewModel.swift in Sources */ = {isa = PBXBuildFile; fileRef = AF85E0AC29653D7400A22732 /* HomeViewModel.swift */; };
		AF85E0B12965509D00A22732 /* ImageCacheManager.swift in Sources */ = {isa = PBXBuildFile; fileRef = AF85E0B02965509D00A22732 /* ImageCacheManager.swift */; };
		AF85E0B329656BBA00A22732 /* CalendarViewController.swift in Sources */ = {isa = PBXBuildFile; fileRef = AF85E0B229656BBA00A22732 /* CalendarViewController.swift */; };
		AF85E0B5296571A300A22732 /* Date+Extension.swift in Sources */ = {isa = PBXBuildFile; fileRef = AF85E0B4296571A300A22732 /* Date+Extension.swift */; };
		AFB6BB712963C4AA00386D14 /* ListCell.swift in Sources */ = {isa = PBXBuildFile; fileRef = AFB6BB702963C4AA00386D14 /* ListCell.swift */; };
		AFB6BB73296413B300386D14 /* HomeCollectionView.swift in Sources */ = {isa = PBXBuildFile; fileRef = AFB6BB72296413B300386D14 /* HomeCollectionView.swift */; };
		AFB6BB752964553D00386D14 /* HeaderView.swift in Sources */ = {isa = PBXBuildFile; fileRef = AFB6BB742964553D00386D14 /* HeaderView.swift */; };
		AFB6BB7729646B6400386D14 /* ModeSelectViewController.swift in Sources */ = {isa = PBXBuildFile; fileRef = AFB6BB7629646B6400386D14 /* ModeSelectViewController.swift */; };
/* End PBXBuildFile section */

/* Begin PBXFileReference section */
		2003FC14297CE03700106714 /* RankBadgeLabel.swift */ = {isa = PBXFileReference; lastKnownFileType = sourcecode.swift; path = RankBadgeLabel.swift; sourceTree = "<group>"; };
		200597972966B690002AB7EC /* ReviewTableViewCell.swift */ = {isa = PBXFileReference; lastKnownFileType = sourcecode.swift; path = ReviewTableViewCell.swift; sourceTree = "<group>"; };
		2011FA2829B4D3010031A50A /* DailyBoxOfficeDTO.swift */ = {isa = PBXFileReference; lastKnownFileType = sourcecode.swift; path = DailyBoxOfficeDTO.swift; sourceTree = "<group>"; };
		2011FA2C29B4D49C0031A50A /* MovieInfoDTO.swift */ = {isa = PBXFileReference; lastKnownFileType = sourcecode.swift; path = MovieInfoDTO.swift; sourceTree = "<group>"; };
		2011FA2E29B4D57F0031A50A /* MoviePosterDTO.swift */ = {isa = PBXFileReference; lastKnownFileType = sourcecode.swift; path = MoviePosterDTO.swift; sourceTree = "<group>"; };
		201825A929664B8F00ADB79A /* MovieSubInfoView.swift */ = {isa = PBXFileReference; lastKnownFileType = sourcecode.swift; path = MovieSubInfoView.swift; sourceTree = "<group>"; };
		201825AB29664D8D00ADB79A /* MovieReviewView.swift */ = {isa = PBXFileReference; lastKnownFileType = sourcecode.swift; path = MovieReviewView.swift; sourceTree = "<group>"; };
		201C77C329A618F200CC64CB /* GoogleService-Info.plist */ = {isa = PBXFileReference; fileEncoding = 4; lastKnownFileType = text.plist.xml; path = "GoogleService-Info.plist"; sourceTree = "<group>"; };
		201C827D2966F7F70060054B /* MovieLabel.swift */ = {isa = PBXFileReference; lastKnownFileType = sourcecode.swift; path = MovieLabel.swift; sourceTree = "<group>"; };
		203F2A15299F1D7F00500EF4 /* String+Extension.swift */ = {isa = PBXFileReference; lastKnownFileType = sourcecode.swift; path = "String+Extension.swift"; sourceTree = "<group>"; };
		20443790297A7A0900B05D48 /* MovieRequestBuilder.swift */ = {isa = PBXFileReference; lastKnownFileType = sourcecode.swift; path = MovieRequestBuilder.swift; sourceTree = "<group>"; };
		20443792297A876A00B05D48 /* MovieRequestDirector.swift */ = {isa = PBXFileReference; lastKnownFileType = sourcecode.swift; path = MovieRequestDirector.swift; sourceTree = "<group>"; };
		2073EB16296311F100216565 /* FirestoreManager.swift */ = {isa = PBXFileReference; lastKnownFileType = sourcecode.swift; path = FirestoreManager.swift; sourceTree = "<group>"; };
		2073EB1B29631F8C00216565 /* StorageManager.swift */ = {isa = PBXFileReference; lastKnownFileType = sourcecode.swift; path = StorageManager.swift; sourceTree = "<group>"; };
		209E477F29AC810E00D8B36D /* BoxOfficeInfo.swift */ = {isa = PBXFileReference; lastKnownFileType = sourcecode.swift; path = BoxOfficeInfo.swift; sourceTree = "<group>"; };
		20B3FC6729B07033009C7C36 /* AgeLimit.swift */ = {isa = PBXFileReference; lastKnownFileType = sourcecode.swift; path = AgeLimit.swift; sourceTree = "<group>"; };
		20B3FC6929B07056009C7C36 /* ReviewInfo.swift */ = {isa = PBXFileReference; lastKnownFileType = sourcecode.swift; path = ReviewInfo.swift; sourceTree = "<group>"; };
		20BB8C182963B40300801668 /* ReviewFirebaseUseCase.swift */ = {isa = PBXFileReference; lastKnownFileType = sourcecode.swift; path = ReviewFirebaseUseCase.swift; sourceTree = "<group>"; };
		20BB8C1B2963B54400801668 /* Review.swift */ = {isa = PBXFileReference; lastKnownFileType = sourcecode.swift; path = Review.swift; sourceTree = "<group>"; };
		20BB8C1F2963C2DA00801668 /* FirebaseError.swift */ = {isa = PBXFileReference; lastKnownFileType = sourcecode.swift; path = FirebaseError.swift; sourceTree = "<group>"; };
		20C7D43829641DDA00D87350 /* WriteReviewViewController.swift */ = {isa = PBXFileReference; lastKnownFileType = sourcecode.swift; path = WriteReviewViewController.swift; sourceTree = "<group>"; };
		20C7D43B29642F0400D87350 /* StarRatingView.swift */ = {isa = PBXFileReference; lastKnownFileType = sourcecode.swift; path = StarRatingView.swift; sourceTree = "<group>"; };
		20F38AFB2965115000415749 /* StarRatingUISlider.swift */ = {isa = PBXFileReference; lastKnownFileType = sourcecode.swift; path = StarRatingUISlider.swift; sourceTree = "<group>"; };
		20F38AFE296511A700415749 /* StarImageView.swift */ = {isa = PBXFileReference; lastKnownFileType = sourcecode.swift; path = StarImageView.swift; sourceTree = "<group>"; };
		20F38B0029654EB800415749 /* ReviewViewModel.swift */ = {isa = PBXFileReference; lastKnownFileType = sourcecode.swift; path = ReviewViewModel.swift; sourceTree = "<group>"; };
		20F38B0A2965C31400415749 /* MovieDetailViewController.swift */ = {isa = PBXFileReference; lastKnownFileType = sourcecode.swift; path = MovieDetailViewController.swift; sourceTree = "<group>"; };
		20F38B0C2965CCAE00415749 /* MovieMainInfoView.swift */ = {isa = PBXFileReference; lastKnownFileType = sourcecode.swift; path = MovieMainInfoView.swift; sourceTree = "<group>"; };
		20F8D472296816DF00FA77BA /* ReviewListViewController.swift */ = {isa = PBXFileReference; lastKnownFileType = sourcecode.swift; path = ReviewListViewController.swift; sourceTree = "<group>"; };
		20F8D4742968370C00FA77BA /* MovieButton.swift */ = {isa = PBXFileReference; lastKnownFileType = sourcecode.swift; path = MovieButton.swift; sourceTree = "<group>"; };
		20F8D4762968396900FA77BA /* UIViewController+.swift */ = {isa = PBXFileReference; lastKnownFileType = sourcecode.swift; path = "UIViewController+.swift"; sourceTree = "<group>"; };
		635A19E428F9603900197BCC /* BoxOffice.app */ = {isa = PBXFileReference; explicitFileType = wrapper.application; includeInIndex = 0; path = BoxOffice.app; sourceTree = BUILT_PRODUCTS_DIR; };
		635A19E728F9603900197BCC /* AppDelegate.swift */ = {isa = PBXFileReference; lastKnownFileType = sourcecode.swift; path = AppDelegate.swift; sourceTree = "<group>"; };
		635A19E928F9603900197BCC /* SceneDelegate.swift */ = {isa = PBXFileReference; lastKnownFileType = sourcecode.swift; path = SceneDelegate.swift; sourceTree = "<group>"; };
		635A19F028F9603A00197BCC /* Assets.xcassets */ = {isa = PBXFileReference; lastKnownFileType = folder.assetcatalog; path = Assets.xcassets; sourceTree = "<group>"; };
		635A19F328F9603A00197BCC /* Base */ = {isa = PBXFileReference; lastKnownFileType = file.storyboard; name = Base; path = Base.lproj/LaunchScreen.storyboard; sourceTree = "<group>"; };
		635A19F528F9603A00197BCC /* Info.plist */ = {isa = PBXFileReference; lastKnownFileType = text.plist.xml; path = Info.plist; sourceTree = "<group>"; };
		AF12A472296595CB008C484B /* CalendarPresentationController.swift */ = {isa = PBXFileReference; lastKnownFileType = sourcecode.swift; path = CalendarPresentationController.swift; sourceTree = "<group>"; };
		AF12A4742965963A008C484B /* CalendarTransitioningDelegate.swift */ = {isa = PBXFileReference; lastKnownFileType = sourcecode.swift; path = CalendarTransitioningDelegate.swift; sourceTree = "<group>"; };
		AF12A47729659722008C484B /* ModeSelectTransitioningDelegate.swift */ = {isa = PBXFileReference; lastKnownFileType = sourcecode.swift; path = ModeSelectTransitioningDelegate.swift; sourceTree = "<group>"; };
		AF22D9EB29682F130059075F /* ActorListViewController.swift */ = {isa = PBXFileReference; lastKnownFileType = sourcecode.swift; path = ActorListViewController.swift; sourceTree = "<group>"; };
		AF22D9ED2968360A0059075F /* ActorListPresentationController.swift */ = {isa = PBXFileReference; lastKnownFileType = sourcecode.swift; path = ActorListPresentationController.swift; sourceTree = "<group>"; };
		AF22D9EF296836170059075F /* ActorListTransitioningDelegate.swift */ = {isa = PBXFileReference; lastKnownFileType = sourcecode.swift; path = ActorListTransitioningDelegate.swift; sourceTree = "<group>"; };
		AF3AEB2C29669A6300B82DCB /* GridCell.swift */ = {isa = PBXFileReference; lastKnownFileType = sourcecode.swift; path = GridCell.swift; sourceTree = "<group>"; };
		AF3AEB2E2966CB4B00B82DCB /* MovieAPIUseCase.swift */ = {isa = PBXFileReference; lastKnownFileType = sourcecode.swift; path = MovieAPIUseCase.swift; sourceTree = "<group>"; };
		AF3AEB312966D21800B82DCB /* HomeViewController.swift */ = {isa = PBXFileReference; fileEncoding = 4; lastKnownFileType = sourcecode.swift; path = HomeViewController.swift; sourceTree = "<group>"; };
		AF6C3A412962D5C80074574D /* MovieRequest.swift */ = {isa = PBXFileReference; lastKnownFileType = sourcecode.swift; path = MovieRequest.swift; sourceTree = "<group>"; };
		AF6C3A432962D5E00074574D /* APIError.swift */ = {isa = PBXFileReference; lastKnownFileType = sourcecode.swift; path = APIError.swift; sourceTree = "<group>"; };
		AF6C3A452962D5E70074574D /* API.swift */ = {isa = PBXFileReference; lastKnownFileType = sourcecode.swift; path = API.swift; sourceTree = "<group>"; };
		AF6C3A472962D6090074574D /* APIService.swift */ = {isa = PBXFileReference; lastKnownFileType = sourcecode.swift; path = APIService.swift; sourceTree = "<group>"; };
		AF6C3A4A2962D7210074574D /* DailyBoxOfficeAPI.swift */ = {isa = PBXFileReference; lastKnownFileType = sourcecode.swift; path = DailyBoxOfficeAPI.swift; sourceTree = "<group>"; };
		AF6C3A4C2962D74E0074574D /* WeeklyBoxOfficeAPI.swift */ = {isa = PBXFileReference; lastKnownFileType = sourcecode.swift; path = WeeklyBoxOfficeAPI.swift; sourceTree = "<group>"; };
		AF6C3A4E2962D79D0074574D /* MovieInfoAPI.swift */ = {isa = PBXFileReference; lastKnownFileType = sourcecode.swift; path = MovieInfoAPI.swift; sourceTree = "<group>"; };
		AF6C3A502962D7E20074574D /* MoviePosterAPI.swift */ = {isa = PBXFileReference; lastKnownFileType = sourcecode.swift; path = MoviePosterAPI.swift; sourceTree = "<group>"; };
		AF6C3A522962E4490074574D /* MovieInfo.plist */ = {isa = PBXFileReference; lastKnownFileType = text.plist.xml; path = MovieInfo.plist; sourceTree = "<group>"; };
		AF6C3A542962EA0B0074574D /* Bundle+Extension.swift */ = {isa = PBXFileReference; lastKnownFileType = sourcecode.swift; path = "Bundle+Extension.swift"; sourceTree = "<group>"; };
		AF6C3A562962EBDE0074574D /* Dictionary+Extension.swift */ = {isa = PBXFileReference; lastKnownFileType = sourcecode.swift; path = "Dictionary+Extension.swift"; sourceTree = "<group>"; };
		AF6C3A5B2962F4FF0074574D /* MovieData.swift */ = {isa = PBXFileReference; lastKnownFileType = sourcecode.swift; path = MovieData.swift; sourceTree = "<group>"; };
		AF85E0A82965156A00A22732 /* ModeSelectPresentationController.swift */ = {isa = PBXFileReference; lastKnownFileType = sourcecode.swift; path = ModeSelectPresentationController.swift; sourceTree = "<group>"; };
		AF85E0AA29651C0000A22732 /* ModeSelectCell.swift */ = {isa = PBXFileReference; lastKnownFileType = sourcecode.swift; path = ModeSelectCell.swift; sourceTree = "<group>"; };
		AF85E0AC29653D7400A22732 /* HomeViewModel.swift */ = {isa = PBXFileReference; lastKnownFileType = sourcecode.swift; path = HomeViewModel.swift; sourceTree = "<group>"; };
		AF85E0B02965509D00A22732 /* ImageCacheManager.swift */ = {isa = PBXFileReference; lastKnownFileType = sourcecode.swift; path = ImageCacheManager.swift; sourceTree = "<group>"; };
		AF85E0B229656BBA00A22732 /* CalendarViewController.swift */ = {isa = PBXFileReference; lastKnownFileType = sourcecode.swift; path = CalendarViewController.swift; sourceTree = "<group>"; };
		AF85E0B4296571A300A22732 /* Date+Extension.swift */ = {isa = PBXFileReference; lastKnownFileType = sourcecode.swift; path = "Date+Extension.swift"; sourceTree = "<group>"; };
		AFB6BB702963C4AA00386D14 /* ListCell.swift */ = {isa = PBXFileReference; lastKnownFileType = sourcecode.swift; path = ListCell.swift; sourceTree = "<group>"; };
		AFB6BB72296413B300386D14 /* HomeCollectionView.swift */ = {isa = PBXFileReference; lastKnownFileType = sourcecode.swift; path = HomeCollectionView.swift; sourceTree = "<group>"; };
		AFB6BB742964553D00386D14 /* HeaderView.swift */ = {isa = PBXFileReference; lastKnownFileType = sourcecode.swift; path = HeaderView.swift; sourceTree = "<group>"; };
		AFB6BB7629646B6400386D14 /* ModeSelectViewController.swift */ = {isa = PBXFileReference; lastKnownFileType = sourcecode.swift; path = ModeSelectViewController.swift; sourceTree = "<group>"; };
/* End PBXFileReference section */

/* Begin PBXFrameworksBuildPhase section */
		635A19E128F9603900197BCC /* Frameworks */ = {
			isa = PBXFrameworksBuildPhase;
			buildActionMask = 2147483647;
			files = (
				2056825829A59531008FA266 /* RxRelay in Frameworks */,
				2032020229630EED00097F31 /* FirebaseAuth in Frameworks */,
				2032020829630EED00097F31 /* FirebaseStorage in Frameworks */,
				2056825629A59531008FA266 /* RxCocoa in Frameworks */,
				2032020429630EED00097F31 /* FirebaseFirestore in Frameworks */,
				2032020629630EED00097F31 /* FirebaseFirestoreSwift in Frameworks */,
				2056825A29A59531008FA266 /* RxSwift in Frameworks */,
			);
			runOnlyForDeploymentPostprocessing = 0;
		};
/* End PBXFrameworksBuildPhase section */

/* Begin PBXGroup section */
		2011FA2629B4D2380031A50A /* Data */ = {
			isa = PBXGroup;
			children = (
				AF6C3A492962D6DA0074574D /* APIs */,
				2011FA2729B4D2520031A50A /* DTO */,
			);
			path = Data;
			sourceTree = "<group>";
		};
		2011FA2729B4D2520031A50A /* DTO */ = {
			isa = PBXGroup;
			children = (
				2011FA2829B4D3010031A50A /* DailyBoxOfficeDTO.swift */,
				2011FA2C29B4D49C0031A50A /* MovieInfoDTO.swift */,
				2011FA2E29B4D57F0031A50A /* MoviePosterDTO.swift */,
			);
			path = DTO;
			sourceTree = "<group>";
		};
		2011FA3029B4D8EB0031A50A /* ModalView */ = {
			isa = PBXGroup;
			children = (
				AF12A4762965965C008C484B /* CalendarModalView */,
				AF12A47929659744008C484B /* ModeSelectModalView */,
			);
			path = ModalView;
			sourceTree = "<group>";
		};
		2011FA3129B4D9030031A50A /* Cells */ = {
			isa = PBXGroup;
			children = (
				AF3AEB2C29669A6300B82DCB /* GridCell.swift */,
				AFB6BB702963C4AA00386D14 /* ListCell.swift */,
			);
			path = Cells;
			sourceTree = "<group>";
		};
		2011FA3229B4D9200031A50A /* Common */ = {
			isa = PBXGroup;
			children = (
				209E478529B067A400D8B36D /* Namespace */,
				201C827D2966F7F70060054B /* MovieLabel.swift */,
				20F8D4742968370C00FA77BA /* MovieButton.swift */,
				2003FC14297CE03700106714 /* RankBadgeLabel.swift */,
			);
			path = Common;
			sourceTree = "<group>";
		};
		2011FA3329B4DA2D0031A50A /* SubViews */ = {
			isa = PBXGroup;
			children = (
				20F38AF92965112200415749 /* StarRating */,
			);
			path = SubViews;
			sourceTree = "<group>";
		};
		201C827A2966F4A10060054B /* SubViews */ = {
			isa = PBXGroup;
			children = (
				20F38B0C2965CCAE00415749 /* MovieMainInfoView.swift */,
				201825A929664B8F00ADB79A /* MovieSubInfoView.swift */,
				201825AB29664D8D00ADB79A /* MovieReviewView.swift */,
				200597972966B690002AB7EC /* ReviewTableViewCell.swift */,
			);
			path = SubViews;
			sourceTree = "<group>";
		};
		201C82802966FBBA0060054B /* SubViews */ = {
			isa = PBXGroup;
			children = (
				2011FA3129B4D9030031A50A /* Cells */,
				AFB6BB72296413B300386D14 /* HomeCollectionView.swift */,
				AFB6BB742964553D00386D14 /* HeaderView.swift */,
			);
			path = SubViews;
			sourceTree = "<group>";
		};
		201C82812966FC180060054B /* Service */ = {
			isa = PBXGroup;
			children = (
				201C82822966FC370060054B /* ImageCache */,
				AF6C3A402962D5B50074574D /* Network */,
				2073EB18296317BF00216565 /* Firebase */,
			);
			path = Service;
			sourceTree = "<group>";
		};
		201C82822966FC370060054B /* ImageCache */ = {
			isa = PBXGroup;
			children = (
				AF85E0B02965509D00A22732 /* ImageCacheManager.swift */,
			);
			path = ImageCache;
			sourceTree = "<group>";
		};
		201C82842966FCF90060054B /* Extension */ = {
			isa = PBXGroup;
			children = (
				AF6C3A562962EBDE0074574D /* Dictionary+Extension.swift */,
				AF6C3A542962EA0B0074574D /* Bundle+Extension.swift */,
				AF85E0B4296571A300A22732 /* Date+Extension.swift */,
				203F2A15299F1D7F00500EF4 /* String+Extension.swift */,
			);
			path = Extension;
			sourceTree = "<group>";
		};
		201C82852966FDF10060054B /* Utils */ = {
			isa = PBXGroup;
			children = (
				201C82842966FCF90060054B /* Extension */,
			);
			path = Utils;
			sourceTree = "<group>";
		};
		203201FA2962CE0700097F31 /* Application */ = {
			isa = PBXGroup;
			children = (
				635A19E728F9603900197BCC /* AppDelegate.swift */,
				635A19E928F9603900197BCC /* SceneDelegate.swift */,
			);
			path = Application;
			sourceTree = "<group>";
		};
		203201FB2962CE1900097F31 /* Resource */ = {
			isa = PBXGroup;
			children = (
				635A19F028F9603A00197BCC /* Assets.xcassets */,
				635A19F228F9603A00197BCC /* LaunchScreen.storyboard */,
			);
			path = Resource;
			sourceTree = "<group>";
		};
		2073EB18296317BF00216565 /* Firebase */ = {
			isa = PBXGroup;
			children = (
				2073EB16296311F100216565 /* FirestoreManager.swift */,
				2073EB1B29631F8C00216565 /* StorageManager.swift */,
				20BB8C1F2963C2DA00801668 /* FirebaseError.swift */,
			);
			path = Firebase;
			sourceTree = "<group>";
		};
		2097BE6329A62467007B13F3 /* Frameworks */ = {
			isa = PBXGroup;
			children = (
			);
			name = Frameworks;
			sourceTree = "<group>";
		};
		209E478529B067A400D8B36D /* Namespace */ = {
			isa = PBXGroup;
			children = (
				209E477F29AC810E00D8B36D /* BoxOfficeInfo.swift */,
				20B3FC6729B07033009C7C36 /* AgeLimit.swift */,
				20B3FC6929B07056009C7C36 /* ReviewInfo.swift */,
			);
			path = Namespace;
			sourceTree = "<group>";
		};
		20BB8C162963B37D00801668 /* Domain */ = {
			isa = PBXGroup;
			children = (
				20BB8C1A2963B4F300801668 /* Entities */,
				20BB8C172963B3B800801668 /* UseCase */,
			);
			path = Domain;
			sourceTree = "<group>";
		};
		20BB8C172963B3B800801668 /* UseCase */ = {
			isa = PBXGroup;
			children = (
				20BB8C182963B40300801668 /* ReviewFirebaseUseCase.swift */,
				AF3AEB2E2966CB4B00B82DCB /* MovieAPIUseCase.swift */,
			);
			path = UseCase;
			sourceTree = "<group>";
		};
		20BB8C1A2963B4F300801668 /* Entities */ = {
			isa = PBXGroup;
			children = (
				AF6C3A5B2962F4FF0074574D /* MovieData.swift */,
				20BB8C1B2963B54400801668 /* Review.swift */,
			);
			path = Entities;
			sourceTree = "<group>";
		};
		20F38AF92965112200415749 /* StarRating */ = {
			isa = PBXGroup;
			children = (
				20C7D43B29642F0400D87350 /* StarRatingView.swift */,
				20F38AFA2965113700415749 /* SubViews */,
			);
			path = StarRating;
			sourceTree = "<group>";
		};
		20F38AFA2965113700415749 /* SubViews */ = {
			isa = PBXGroup;
			children = (
				20F38AFB2965115000415749 /* StarRatingUISlider.swift */,
				20F38AFE296511A700415749 /* StarImageView.swift */,
			);
			path = SubViews;
			sourceTree = "<group>";
		};
		20F38B032965BB1000415749 /* Scene */ = {
			isa = PBXGroup;
			children = (
				2011FA3229B4D9200031A50A /* Common */,
				AF12A47A29659773008C484B /* Home */,
				20F38B092965C2BA00415749 /* Detail */,
				20F38B042965BB2D00415749 /* Review */,
			);
			path = Scene;
			sourceTree = "<group>";
		};
		20F38B042965BB2D00415749 /* Review */ = {
			isa = PBXGroup;
			children = (
				20F8D472296816DF00FA77BA /* ReviewListViewController.swift */,
				20C7D43829641DDA00D87350 /* WriteReviewViewController.swift */,
				20F38B0029654EB800415749 /* ReviewViewModel.swift */,
				2011FA3329B4DA2D0031A50A /* SubViews */,
			);
			path = Review;
			sourceTree = "<group>";
		};
		20F38B092965C2BA00415749 /* Detail */ = {
			isa = PBXGroup;
			children = (
				20F38B0A2965C31400415749 /* MovieDetailViewController.swift */,
				20F8D4762968396900FA77BA /* UIViewController+.swift */,
				AF22D9F1296839EB0059075F /* ActorListModalView */,
				201C827A2966F4A10060054B /* SubViews */,
			);
			path = Detail;
			sourceTree = "<group>";
		};
		635A19DB28F9603900197BCC = {
			isa = PBXGroup;
			children = (
				635A19E628F9603900197BCC /* BoxOffice */,
				635A19E528F9603900197BCC /* Products */,
				2097BE6329A62467007B13F3 /* Frameworks */,
			);
			sourceTree = "<group>";
		};
		635A19E528F9603900197BCC /* Products */ = {
			isa = PBXGroup;
			children = (
				635A19E428F9603900197BCC /* BoxOffice.app */,
			);
			name = Products;
			sourceTree = "<group>";
		};
		635A19E628F9603900197BCC /* BoxOffice */ = {
			isa = PBXGroup;
			children = (
				635A19F528F9603A00197BCC /* Info.plist */,
				201C77C329A618F200CC64CB /* GoogleService-Info.plist */,
				AF6C3A522962E4490074574D /* MovieInfo.plist */,
				201C82852966FDF10060054B /* Utils */,
				20F38B032965BB1000415749 /* Scene */,
				2011FA2629B4D2380031A50A /* Data */,
				20BB8C162963B37D00801668 /* Domain */,
				201C82812966FC180060054B /* Service */,
				203201FB2962CE1900097F31 /* Resource */,
				203201FA2962CE0700097F31 /* Application */,
			);
			path = BoxOffice;
			sourceTree = "<group>";
		};
		AF12A4762965965C008C484B /* CalendarModalView */ = {
			isa = PBXGroup;
			children = (
				AF85E0B229656BBA00A22732 /* CalendarViewController.swift */,
				AF12A472296595CB008C484B /* CalendarPresentationController.swift */,
				AF12A4742965963A008C484B /* CalendarTransitioningDelegate.swift */,
			);
			path = CalendarModalView;
			sourceTree = "<group>";
		};
		AF12A47929659744008C484B /* ModeSelectModalView */ = {
			isa = PBXGroup;
			children = (
				AFB6BB7629646B6400386D14 /* ModeSelectViewController.swift */,
				AF85E0AA29651C0000A22732 /* ModeSelectCell.swift */,
				AF85E0A82965156A00A22732 /* ModeSelectPresentationController.swift */,
				AF12A47729659722008C484B /* ModeSelectTransitioningDelegate.swift */,
			);
			path = ModeSelectModalView;
			sourceTree = "<group>";
		};
		AF12A47A29659773008C484B /* Home */ = {
			isa = PBXGroup;
			children = (
				AF3AEB312966D21800B82DCB /* HomeViewController.swift */,
				AF85E0AC29653D7400A22732 /* HomeViewModel.swift */,
				2011FA3029B4D8EB0031A50A /* ModalView */,
				201C82802966FBBA0060054B /* SubViews */,
			);
			path = Home;
			sourceTree = "<group>";
		};
		AF22D9F1296839EB0059075F /* ActorListModalView */ = {
			isa = PBXGroup;
			children = (
				AF22D9EB29682F130059075F /* ActorListViewController.swift */,
				AF22D9ED2968360A0059075F /* ActorListPresentationController.swift */,
				AF22D9EF296836170059075F /* ActorListTransitioningDelegate.swift */,
			);
			path = ActorListModalView;
			sourceTree = "<group>";
		};
		AF6C3A402962D5B50074574D /* Network */ = {
			isa = PBXGroup;
			children = (
				AF6C3A412962D5C80074574D /* MovieRequest.swift */,
				AF6C3A432962D5E00074574D /* APIError.swift */,
				AF6C3A452962D5E70074574D /* API.swift */,
				AF6C3A472962D6090074574D /* APIService.swift */,
			);
			path = Network;
			sourceTree = "<group>";
		};
		AF6C3A492962D6DA0074574D /* APIs */ = {
			isa = PBXGroup;
			children = (
				AF6C3A4A2962D7210074574D /* DailyBoxOfficeAPI.swift */,
				AF6C3A4C2962D74E0074574D /* WeeklyBoxOfficeAPI.swift */,
				AF6C3A4E2962D79D0074574D /* MovieInfoAPI.swift */,
				AF6C3A502962D7E20074574D /* MoviePosterAPI.swift */,
				20443790297A7A0900B05D48 /* MovieRequestBuilder.swift */,
				20443792297A876A00B05D48 /* MovieRequestDirector.swift */,
			);
			path = APIs;
			sourceTree = "<group>";
		};
/* End PBXGroup section */

/* Begin PBXNativeTarget section */
		635A19E328F9603900197BCC /* BoxOffice */ = {
			isa = PBXNativeTarget;
			buildConfigurationList = 635A19F828F9603A00197BCC /* Build configuration list for PBXNativeTarget "BoxOffice" */;
			buildPhases = (
				635A19E028F9603900197BCC /* Sources */,
				635A19E128F9603900197BCC /* Frameworks */,
				635A19E228F9603900197BCC /* Resources */,
			);
			buildRules = (
			);
			dependencies = (
			);
			name = BoxOffice;
			packageProductDependencies = (
				2032020129630EED00097F31 /* FirebaseAuth */,
				2032020329630EED00097F31 /* FirebaseFirestore */,
				2032020529630EED00097F31 /* FirebaseFirestoreSwift */,
				2032020729630EED00097F31 /* FirebaseStorage */,
				2056825529A59531008FA266 /* RxCocoa */,
				2056825729A59531008FA266 /* RxRelay */,
				2056825929A59531008FA266 /* RxSwift */,
			);
			productName = BoxOffice;
			productReference = 635A19E428F9603900197BCC /* BoxOffice.app */;
			productType = "com.apple.product-type.application";
		};
/* End PBXNativeTarget section */

/* Begin PBXProject section */
		635A19DC28F9603900197BCC /* Project object */ = {
			isa = PBXProject;
			attributes = {
				BuildIndependentTargetsInParallel = 1;
				LastSwiftUpdateCheck = 1410;
				LastUpgradeCheck = 1410;
				TargetAttributes = {
					635A19E328F9603900197BCC = {
						CreatedOnToolsVersion = 14.0.1;
					};
				};
			};
			buildConfigurationList = 635A19DF28F9603900197BCC /* Build configuration list for PBXProject "BoxOffice" */;
			compatibilityVersion = "Xcode 14.0";
			developmentRegion = en;
			hasScannedForEncodings = 0;
			knownRegions = (
				en,
				Base,
			);
			mainGroup = 635A19DB28F9603900197BCC;
			packageReferences = (
				2032020029630EED00097F31 /* XCRemoteSwiftPackageReference "firebase-ios-sdk" */,
				2056825429A59531008FA266 /* XCRemoteSwiftPackageReference "RxSwift" */,
			);
			productRefGroup = 635A19E528F9603900197BCC /* Products */;
			projectDirPath = "";
			projectRoot = "";
			targets = (
				635A19E328F9603900197BCC /* BoxOffice */,
			);
		};
/* End PBXProject section */

/* Begin PBXResourcesBuildPhase section */
		635A19E228F9603900197BCC /* Resources */ = {
			isa = PBXResourcesBuildPhase;
			buildActionMask = 2147483647;
			files = (
				635A19F428F9603A00197BCC /* LaunchScreen.storyboard in Resources */,
				201C77C429A618F200CC64CB /* GoogleService-Info.plist in Resources */,
				AF6C3A532962E4490074574D /* MovieInfo.plist in Resources */,
				635A19F128F9603A00197BCC /* Assets.xcassets in Resources */,
			);
			runOnlyForDeploymentPostprocessing = 0;
		};
/* End PBXResourcesBuildPhase section */

/* Begin PBXSourcesBuildPhase section */
		635A19E028F9603900197BCC /* Sources */ = {
			isa = PBXSourcesBuildPhase;
			buildActionMask = 2147483647;
			files = (
				2011FA2F29B4D57F0031A50A /* MoviePosterDTO.swift in Sources */,
				201825AC29664D8D00ADB79A /* MovieReviewView.swift in Sources */,
				201825AA29664B8F00ADB79A /* MovieSubInfoView.swift in Sources */,
				20F38AFC2965115000415749 /* StarRatingUISlider.swift in Sources */,
				2073EB17296311F100216565 /* FirestoreManager.swift in Sources */,
				20BB8C202963C2DA00801668 /* FirebaseError.swift in Sources */,
				20F38B0B2965C31400415749 /* MovieDetailViewController.swift in Sources */,
				AF3AEB322966D21800B82DCB /* HomeViewController.swift in Sources */,
				20BB8C1C2963B54400801668 /* Review.swift in Sources */,
				2073EB1C29631F8C00216565 /* StorageManager.swift in Sources */,
				20F8D4752968370C00FA77BA /* MovieButton.swift in Sources */,
				2003FC15297CE03700106714 /* RankBadgeLabel.swift in Sources */,
				20B3FC6829B07033009C7C36 /* AgeLimit.swift in Sources */,
				AF85E0AD29653D7400A22732 /* HomeViewModel.swift in Sources */,
				AFB6BB752964553D00386D14 /* HeaderView.swift in Sources */,
				AF6C3A4B2962D7210074574D /* DailyBoxOfficeAPI.swift in Sources */,
				AF12A47829659722008C484B /* ModeSelectTransitioningDelegate.swift in Sources */,
				209E478029AC810E00D8B36D /* BoxOfficeInfo.swift in Sources */,
				AF6C3A4D2962D74E0074574D /* WeeklyBoxOfficeAPI.swift in Sources */,
				203F2A16299F1D7F00500EF4 /* String+Extension.swift in Sources */,
				AF22D9EE2968360A0059075F /* ActorListPresentationController.swift in Sources */,
				AF85E0B329656BBA00A22732 /* CalendarViewController.swift in Sources */,
				20B3FC6A29B07056009C7C36 /* ReviewInfo.swift in Sources */,
				20C7D43C29642F0400D87350 /* StarRatingView.swift in Sources */,
				AF6C3A482962D6090074574D /* APIService.swift in Sources */,
				AF12A4752965963A008C484B /* CalendarTransitioningDelegate.swift in Sources */,
				2011FA2D29B4D49C0031A50A /* MovieInfoDTO.swift in Sources */,
				AFB6BB73296413B300386D14 /* HomeCollectionView.swift in Sources */,
				20443791297A7A0900B05D48 /* MovieRequestBuilder.swift in Sources */,
				AFB6BB7729646B6400386D14 /* ModeSelectViewController.swift in Sources */,
				20F8D4772968396900FA77BA /* UIViewController+.swift in Sources */,
				AF6C3A572962EBDE0074574D /* Dictionary+Extension.swift in Sources */,
				20F38AFF296511A700415749 /* StarImageView.swift in Sources */,
				635A19E828F9603900197BCC /* AppDelegate.swift in Sources */,
				AF6C3A512962D7E20074574D /* MoviePosterAPI.swift in Sources */,
				635A19EA28F9603900197BCC /* SceneDelegate.swift in Sources */,
				20F38B0129654EB800415749 /* ReviewViewModel.swift in Sources */,
				20BB8C192963B40300801668 /* ReviewFirebaseUseCase.swift in Sources */,
				AF6C3A552962EA0B0074574D /* Bundle+Extension.swift in Sources */,
				201C827E2966F7F70060054B /* MovieLabel.swift in Sources */,
				20443793297A876A00B05D48 /* MovieRequestDirector.swift in Sources */,
				AF85E0B5296571A300A22732 /* Date+Extension.swift in Sources */,
				AF6C3A442962D5E00074574D /* APIError.swift in Sources */,
				AFB6BB712963C4AA00386D14 /* ListCell.swift in Sources */,
				20C7D43929641DDA00D87350 /* WriteReviewViewController.swift in Sources */,
				AF6C3A462962D5E70074574D /* API.swift in Sources */,
				20F38B0D2965CCAE00415749 /* MovieMainInfoView.swift in Sources */,
				AF6C3A5C2962F4FF0074574D /* MovieData.swift in Sources */,
				AF6C3A422962D5C80074574D /* MovieRequest.swift in Sources */,
				200597982966B690002AB7EC /* ReviewTableViewCell.swift in Sources */,
				AF85E0AB29651C0000A22732 /* ModeSelectCell.swift in Sources */,
				AF3AEB2F2966CB4B00B82DCB /* MovieAPIUseCase.swift in Sources */,
				AF22D9EC29682F130059075F /* ActorListViewController.swift in Sources */,
				AF85E0B12965509D00A22732 /* ImageCacheManager.swift in Sources */,
				AF6C3A4F2962D79D0074574D /* MovieInfoAPI.swift in Sources */,
				20F8D473296816DF00FA77BA /* ReviewListViewController.swift in Sources */,
				AF22D9F0296836170059075F /* ActorListTransitioningDelegate.swift in Sources */,
				AF85E0A92965156A00A22732 /* ModeSelectPresentationController.swift in Sources */,
				2011FA2929B4D3010031A50A /* DailyBoxOfficeDTO.swift in Sources */,
				AF12A473296595CB008C484B /* CalendarPresentationController.swift in Sources */,
				AF3AEB2D29669A6300B82DCB /* GridCell.swift in Sources */,
			);
			runOnlyForDeploymentPostprocessing = 0;
		};
/* End PBXSourcesBuildPhase section */

/* Begin PBXVariantGroup section */
		635A19F228F9603A00197BCC /* LaunchScreen.storyboard */ = {
			isa = PBXVariantGroup;
			children = (
				635A19F328F9603A00197BCC /* Base */,
			);
			name = LaunchScreen.storyboard;
			sourceTree = "<group>";
		};
/* End PBXVariantGroup section */

/* Begin XCBuildConfiguration section */
		635A19F628F9603A00197BCC /* Debug */ = {
			isa = XCBuildConfiguration;
			buildSettings = {
				ALWAYS_SEARCH_USER_PATHS = NO;
				CLANG_ANALYZER_NONNULL = YES;
				CLANG_ANALYZER_NUMBER_OBJECT_CONVERSION = YES_AGGRESSIVE;
				CLANG_CXX_LANGUAGE_STANDARD = "gnu++20";
				CLANG_ENABLE_MODULES = YES;
				CLANG_ENABLE_OBJC_ARC = YES;
				CLANG_ENABLE_OBJC_WEAK = YES;
				CLANG_WARN_BLOCK_CAPTURE_AUTORELEASING = YES;
				CLANG_WARN_BOOL_CONVERSION = YES;
				CLANG_WARN_COMMA = YES;
				CLANG_WARN_CONSTANT_CONVERSION = YES;
				CLANG_WARN_DEPRECATED_OBJC_IMPLEMENTATIONS = YES;
				CLANG_WARN_DIRECT_OBJC_ISA_USAGE = YES_ERROR;
				CLANG_WARN_DOCUMENTATION_COMMENTS = YES;
				CLANG_WARN_EMPTY_BODY = YES;
				CLANG_WARN_ENUM_CONVERSION = YES;
				CLANG_WARN_INFINITE_RECURSION = YES;
				CLANG_WARN_INT_CONVERSION = YES;
				CLANG_WARN_NON_LITERAL_NULL_CONVERSION = YES;
				CLANG_WARN_OBJC_IMPLICIT_RETAIN_SELF = YES;
				CLANG_WARN_OBJC_LITERAL_CONVERSION = YES;
				CLANG_WARN_OBJC_ROOT_CLASS = YES_ERROR;
				CLANG_WARN_QUOTED_INCLUDE_IN_FRAMEWORK_HEADER = YES;
				CLANG_WARN_RANGE_LOOP_ANALYSIS = YES;
				CLANG_WARN_STRICT_PROTOTYPES = YES;
				CLANG_WARN_SUSPICIOUS_MOVE = YES;
				CLANG_WARN_UNGUARDED_AVAILABILITY = YES_AGGRESSIVE;
				CLANG_WARN_UNREACHABLE_CODE = YES;
				CLANG_WARN__DUPLICATE_METHOD_MATCH = YES;
				COPY_PHASE_STRIP = NO;
				DEBUG_INFORMATION_FORMAT = dwarf;
				ENABLE_STRICT_OBJC_MSGSEND = YES;
				ENABLE_TESTABILITY = YES;
				GCC_C_LANGUAGE_STANDARD = gnu11;
				GCC_DYNAMIC_NO_PIC = NO;
				GCC_NO_COMMON_BLOCKS = YES;
				GCC_OPTIMIZATION_LEVEL = 0;
				GCC_PREPROCESSOR_DEFINITIONS = (
					"DEBUG=1",
					"$(inherited)",
				);
				GCC_WARN_64_TO_32_BIT_CONVERSION = YES;
				GCC_WARN_ABOUT_RETURN_TYPE = YES_ERROR;
				GCC_WARN_UNDECLARED_SELECTOR = YES;
				GCC_WARN_UNINITIALIZED_AUTOS = YES_AGGRESSIVE;
				GCC_WARN_UNUSED_FUNCTION = YES;
				GCC_WARN_UNUSED_VARIABLE = YES;
				IPHONEOS_DEPLOYMENT_TARGET = 16.0;
				MTL_ENABLE_DEBUG_INFO = INCLUDE_SOURCE;
				MTL_FAST_MATH = YES;
				ONLY_ACTIVE_ARCH = YES;
				SDKROOT = iphoneos;
				SWIFT_ACTIVE_COMPILATION_CONDITIONS = DEBUG;
				SWIFT_OPTIMIZATION_LEVEL = "-Onone";
			};
			name = Debug;
		};
		635A19F728F9603A00197BCC /* Release */ = {
			isa = XCBuildConfiguration;
			buildSettings = {
				ALWAYS_SEARCH_USER_PATHS = NO;
				CLANG_ANALYZER_NONNULL = YES;
				CLANG_ANALYZER_NUMBER_OBJECT_CONVERSION = YES_AGGRESSIVE;
				CLANG_CXX_LANGUAGE_STANDARD = "gnu++20";
				CLANG_ENABLE_MODULES = YES;
				CLANG_ENABLE_OBJC_ARC = YES;
				CLANG_ENABLE_OBJC_WEAK = YES;
				CLANG_WARN_BLOCK_CAPTURE_AUTORELEASING = YES;
				CLANG_WARN_BOOL_CONVERSION = YES;
				CLANG_WARN_COMMA = YES;
				CLANG_WARN_CONSTANT_CONVERSION = YES;
				CLANG_WARN_DEPRECATED_OBJC_IMPLEMENTATIONS = YES;
				CLANG_WARN_DIRECT_OBJC_ISA_USAGE = YES_ERROR;
				CLANG_WARN_DOCUMENTATION_COMMENTS = YES;
				CLANG_WARN_EMPTY_BODY = YES;
				CLANG_WARN_ENUM_CONVERSION = YES;
				CLANG_WARN_INFINITE_RECURSION = YES;
				CLANG_WARN_INT_CONVERSION = YES;
				CLANG_WARN_NON_LITERAL_NULL_CONVERSION = YES;
				CLANG_WARN_OBJC_IMPLICIT_RETAIN_SELF = YES;
				CLANG_WARN_OBJC_LITERAL_CONVERSION = YES;
				CLANG_WARN_OBJC_ROOT_CLASS = YES_ERROR;
				CLANG_WARN_QUOTED_INCLUDE_IN_FRAMEWORK_HEADER = YES;
				CLANG_WARN_RANGE_LOOP_ANALYSIS = YES;
				CLANG_WARN_STRICT_PROTOTYPES = YES;
				CLANG_WARN_SUSPICIOUS_MOVE = YES;
				CLANG_WARN_UNGUARDED_AVAILABILITY = YES_AGGRESSIVE;
				CLANG_WARN_UNREACHABLE_CODE = YES;
				CLANG_WARN__DUPLICATE_METHOD_MATCH = YES;
				COPY_PHASE_STRIP = NO;
				DEBUG_INFORMATION_FORMAT = "dwarf-with-dsym";
				ENABLE_NS_ASSERTIONS = NO;
				ENABLE_STRICT_OBJC_MSGSEND = YES;
				GCC_C_LANGUAGE_STANDARD = gnu11;
				GCC_NO_COMMON_BLOCKS = YES;
				GCC_WARN_64_TO_32_BIT_CONVERSION = YES;
				GCC_WARN_ABOUT_RETURN_TYPE = YES_ERROR;
				GCC_WARN_UNDECLARED_SELECTOR = YES;
				GCC_WARN_UNINITIALIZED_AUTOS = YES_AGGRESSIVE;
				GCC_WARN_UNUSED_FUNCTION = YES;
				GCC_WARN_UNUSED_VARIABLE = YES;
				IPHONEOS_DEPLOYMENT_TARGET = 16.0;
				MTL_ENABLE_DEBUG_INFO = NO;
				MTL_FAST_MATH = YES;
				SDKROOT = iphoneos;
				SWIFT_COMPILATION_MODE = wholemodule;
				SWIFT_OPTIMIZATION_LEVEL = "-O";
				VALIDATE_PRODUCT = YES;
			};
			name = Release;
		};
		635A19F928F9603A00197BCC /* Debug */ = {
			isa = XCBuildConfiguration;
			buildSettings = {
				ASSETCATALOG_COMPILER_APPICON_NAME = AppIcon;
				ASSETCATALOG_COMPILER_GLOBAL_ACCENT_COLOR_NAME = AccentColor;
				CODE_SIGN_STYLE = Automatic;
				CURRENT_PROJECT_VERSION = 1;
				DEVELOPMENT_TEAM = "";
				GENERATE_INFOPLIST_FILE = YES;
				INFOPLIST_FILE = BoxOffice/Info.plist;
				INFOPLIST_KEY_UIApplicationSupportsIndirectInputEvents = YES;
				INFOPLIST_KEY_UILaunchStoryboardName = LaunchScreen;
				INFOPLIST_KEY_UISupportedInterfaceOrientations_iPad = "UIInterfaceOrientationPortrait UIInterfaceOrientationPortraitUpsideDown UIInterfaceOrientationLandscapeLeft UIInterfaceOrientationLandscapeRight";
				INFOPLIST_KEY_UISupportedInterfaceOrientations_iPhone = "UIInterfaceOrientationPortrait UIInterfaceOrientationLandscapeLeft UIInterfaceOrientationLandscapeRight";
				IPHONEOS_DEPLOYMENT_TARGET = 14.0;
				LD_RUNPATH_SEARCH_PATHS = (
					"$(inherited)",
					"@executable_path/Frameworks",
				);
				MARKETING_VERSION = 1.0;
				PRODUCT_BUNDLE_IDENTIFIER = com.judy.BoxOffice;
				PRODUCT_NAME = "$(TARGET_NAME)";
				SWIFT_EMIT_LOC_STRINGS = YES;
				SWIFT_VERSION = 5.0;
				TARGETED_DEVICE_FAMILY = "1,2";
			};
			name = Debug;
		};
		635A19FA28F9603A00197BCC /* Release */ = {
			isa = XCBuildConfiguration;
			buildSettings = {
				ASSETCATALOG_COMPILER_APPICON_NAME = AppIcon;
				ASSETCATALOG_COMPILER_GLOBAL_ACCENT_COLOR_NAME = AccentColor;
				CODE_SIGN_STYLE = Automatic;
				CURRENT_PROJECT_VERSION = 1;
				DEVELOPMENT_TEAM = "";
				GENERATE_INFOPLIST_FILE = YES;
				INFOPLIST_FILE = BoxOffice/Info.plist;
				INFOPLIST_KEY_UIApplicationSupportsIndirectInputEvents = YES;
				INFOPLIST_KEY_UILaunchStoryboardName = LaunchScreen;
				INFOPLIST_KEY_UISupportedInterfaceOrientations_iPad = "UIInterfaceOrientationPortrait UIInterfaceOrientationPortraitUpsideDown UIInterfaceOrientationLandscapeLeft UIInterfaceOrientationLandscapeRight";
				INFOPLIST_KEY_UISupportedInterfaceOrientations_iPhone = "UIInterfaceOrientationPortrait UIInterfaceOrientationLandscapeLeft UIInterfaceOrientationLandscapeRight";
				IPHONEOS_DEPLOYMENT_TARGET = 14.0;
				LD_RUNPATH_SEARCH_PATHS = (
					"$(inherited)",
					"@executable_path/Frameworks",
				);
				MARKETING_VERSION = 1.0;
				PRODUCT_BUNDLE_IDENTIFIER = com.judy.BoxOffice;
				PRODUCT_NAME = "$(TARGET_NAME)";
				SWIFT_EMIT_LOC_STRINGS = YES;
				SWIFT_VERSION = 5.0;
				TARGETED_DEVICE_FAMILY = "1,2";
			};
			name = Release;
		};
/* End XCBuildConfiguration section */

/* Begin XCConfigurationList section */
		635A19DF28F9603900197BCC /* Build configuration list for PBXProject "BoxOffice" */ = {
			isa = XCConfigurationList;
			buildConfigurations = (
				635A19F628F9603A00197BCC /* Debug */,
				635A19F728F9603A00197BCC /* Release */,
			);
			defaultConfigurationIsVisible = 0;
			defaultConfigurationName = Release;
		};
		635A19F828F9603A00197BCC /* Build configuration list for PBXNativeTarget "BoxOffice" */ = {
			isa = XCConfigurationList;
			buildConfigurations = (
				635A19F928F9603A00197BCC /* Debug */,
				635A19FA28F9603A00197BCC /* Release */,
			);
			defaultConfigurationIsVisible = 0;
			defaultConfigurationName = Release;
		};
/* End XCConfigurationList section */

/* Begin XCRemoteSwiftPackageReference section */
		2032020029630EED00097F31 /* XCRemoteSwiftPackageReference "firebase-ios-sdk" */ = {
			isa = XCRemoteSwiftPackageReference;
			repositoryURL = "https://github.com/firebase/firebase-ios-sdk";
			requirement = {
				branch = master;
				kind = branch;
			};
		};
		2056825429A59531008FA266 /* XCRemoteSwiftPackageReference "RxSwift" */ = {
			isa = XCRemoteSwiftPackageReference;
			repositoryURL = "https://github.com/ReactiveX/RxSwift";
			requirement = {
				branch = main;
				kind = branch;
			};
		};
/* End XCRemoteSwiftPackageReference section */

/* Begin XCSwiftPackageProductDependency section */
		2032020129630EED00097F31 /* FirebaseAuth */ = {
			isa = XCSwiftPackageProductDependency;
			package = 2032020029630EED00097F31 /* XCRemoteSwiftPackageReference "firebase-ios-sdk" */;
			productName = FirebaseAuth;
		};
		2032020329630EED00097F31 /* FirebaseFirestore */ = {
			isa = XCSwiftPackageProductDependency;
			package = 2032020029630EED00097F31 /* XCRemoteSwiftPackageReference "firebase-ios-sdk" */;
			productName = FirebaseFirestore;
		};
		2032020529630EED00097F31 /* FirebaseFirestoreSwift */ = {
			isa = XCSwiftPackageProductDependency;
			package = 2032020029630EED00097F31 /* XCRemoteSwiftPackageReference "firebase-ios-sdk" */;
			productName = FirebaseFirestoreSwift;
		};
		2032020729630EED00097F31 /* FirebaseStorage */ = {
			isa = XCSwiftPackageProductDependency;
			package = 2032020029630EED00097F31 /* XCRemoteSwiftPackageReference "firebase-ios-sdk" */;
			productName = FirebaseStorage;
		};
		2056825529A59531008FA266 /* RxCocoa */ = {
			isa = XCSwiftPackageProductDependency;
			package = 2056825429A59531008FA266 /* XCRemoteSwiftPackageReference "RxSwift" */;
			productName = RxCocoa;
		};
		2056825729A59531008FA266 /* RxRelay */ = {
			isa = XCSwiftPackageProductDependency;
			package = 2056825429A59531008FA266 /* XCRemoteSwiftPackageReference "RxSwift" */;
			productName = RxRelay;
		};
		2056825929A59531008FA266 /* RxSwift */ = {
			isa = XCSwiftPackageProductDependency;
			package = 2056825429A59531008FA266 /* XCRemoteSwiftPackageReference "RxSwift" */;
			productName = RxSwift;
		};
/* End XCSwiftPackageProductDependency section */
	};
	rootObject = 635A19DC28F9603900197BCC /* Project object */;
}
